// !$*UTF8*$!
{
	archiveVersion = 1;
	classes = {
	};
	objectVersion = 46;
	objects = {

/* Begin PBXBuildFile section */
		BE700EFE1F5CEB4300B62778 /* main.m in Sources */ = {isa = PBXBuildFile; fileRef = BE700EFD1F5CEB4300B62778 /* main.m */; };
		BE700F011F5CEB4300B62778 /* AppDelegate.m in Sources */ = {isa = PBXBuildFile; fileRef = BE700F001F5CEB4300B62778 /* AppDelegate.m */; };
		BE700F041F5CEB4300B62778 /* ViewController.m in Sources */ = {isa = PBXBuildFile; fileRef = BE700F031F5CEB4300B62778 /* ViewController.m */; };
		BE700F071F5CEB4300B62778 /* Main.storyboard in Resources */ = {isa = PBXBuildFile; fileRef = BE700F051F5CEB4300B62778 /* Main.storyboard */; };
		BE700F091F5CEB4300B62778 /* Assets.xcassets in Resources */ = {isa = PBXBuildFile; fileRef = BE700F081F5CEB4300B62778 /* Assets.xcassets */; };
		BE700F0C1F5CEB4300B62778 /* LaunchScreen.storyboard in Resources */ = {isa = PBXBuildFile; fileRef = BE700F0A1F5CEB4300B62778 /* LaunchScreen.storyboard */; };
		BE700F171F5CEB4300B62778 /* SelectAddressTests.m in Sources */ = {isa = PBXBuildFile; fileRef = BE700F161F5CEB4300B62778 /* SelectAddressTests.m */; };
		BE700F221F5CEB4300B62778 /* SelectAddressUITests.m in Sources */ = {isa = PBXBuildFile; fileRef = BE700F211F5CEB4300B62778 /* SelectAddressUITests.m */; };
		BE700F341F5CEBDB00B62778 /* SelectAddressController.m in Sources */ = {isa = PBXBuildFile; fileRef = BE700F331F5CEBDB00B62778 /* SelectAddressController.m */; };
		BE77D10B1F5CEF95007054AC /* SelectAddressView.m in Sources */ = {isa = PBXBuildFile; fileRef = BE77D10A1F5CEF95007054AC /* SelectAddressView.m */; };
		BE77D10F1F5D0FCF007054AC /* HttpRequest.m in Sources */ = {isa = PBXBuildFile; fileRef = BE77D10E1F5D0FCF007054AC /* HttpRequest.m */; };
		BE77D1131F5D3F21007054AC /* areaSelect.plist in Resources */ = {isa = PBXBuildFile; fileRef = BE77D1121F5D3F21007054AC /* areaSelect.plist */; };
		BE77D1171F5D604E007054AC /* AreaTableViewCell.m in Sources */ = {isa = PBXBuildFile; fileRef = BE77D1151F5D604E007054AC /* AreaTableViewCell.m */; };
		BE77D1311F5D65C6007054AC /* MJDictionaryCache.m in Sources */ = {isa = PBXBuildFile; fileRef = BE77D11B1F5D65C6007054AC /* MJDictionaryCache.m */; };
		BE77D1321F5D65C6007054AC /* MJExtensionConst.m in Sources */ = {isa = PBXBuildFile; fileRef = BE77D11E1F5D65C6007054AC /* MJExtensionConst.m */; };
		BE77D1331F5D65C6007054AC /* MJFoundation.m in Sources */ = {isa = PBXBuildFile; fileRef = BE77D1201F5D65C6007054AC /* MJFoundation.m */; };
		BE77D1341F5D65C6007054AC /* MJProperty.m in Sources */ = {isa = PBXBuildFile; fileRef = BE77D1221F5D65C6007054AC /* MJProperty.m */; };
		BE77D1351F5D65C6007054AC /* MJPropertyKey.m in Sources */ = {isa = PBXBuildFile; fileRef = BE77D1241F5D65C6007054AC /* MJPropertyKey.m */; };
		BE77D1361F5D65C6007054AC /* MJPropertyType.m in Sources */ = {isa = PBXBuildFile; fileRef = BE77D1261F5D65C6007054AC /* MJPropertyType.m */; };
		BE77D1371F5D65C6007054AC /* NSObject+MJClass.m in Sources */ = {isa = PBXBuildFile; fileRef = BE77D1281F5D65C6007054AC /* NSObject+MJClass.m */; };
		BE77D1381F5D65C6007054AC /* NSObject+MJCoding.m in Sources */ = {isa = PBXBuildFile; fileRef = BE77D12A1F5D65C6007054AC /* NSObject+MJCoding.m */; };
		BE77D1391F5D65C6007054AC /* NSObject+MJKeyValue.m in Sources */ = {isa = PBXBuildFile; fileRef = BE77D12C1F5D65C6007054AC /* NSObject+MJKeyValue.m */; };
		BE77D13A1F5D65C6007054AC /* NSObject+MJProperty.m in Sources */ = {isa = PBXBuildFile; fileRef = BE77D12E1F5D65C6007054AC /* NSObject+MJProperty.m */; };
		BE77D13B1F5D65C6007054AC /* NSString+MJExtension.m in Sources */ = {isa = PBXBuildFile; fileRef = BE77D1301F5D65C6007054AC /* NSString+MJExtension.m */; };
		BE77D13E1F5D6EE5007054AC /* AreaModel.m in Sources */ = {isa = PBXBuildFile; fileRef = BE77D13D1F5D6EE5007054AC /* AreaModel.m */; };
/* End PBXBuildFile section */

/* Begin PBXContainerItemProxy section */
		BE700F131F5CEB4300B62778 /* PBXContainerItemProxy */ = {
			isa = PBXContainerItemProxy;
			containerPortal = BE700EF11F5CEB4300B62778 /* Project object */;
			proxyType = 1;
			remoteGlobalIDString = BE700EF81F5CEB4300B62778;
			remoteInfo = SelectAddress;
		};
		BE700F1E1F5CEB4300B62778 /* PBXContainerItemProxy */ = {
			isa = PBXContainerItemProxy;
			containerPortal = BE700EF11F5CEB4300B62778 /* Project object */;
			proxyType = 1;
			remoteGlobalIDString = BE700EF81F5CEB4300B62778;
			remoteInfo = SelectAddress;
		};
/* End PBXContainerItemProxy section */

/* Begin PBXFileReference section */
		BE700EF91F5CEB4300B62778 /* SelectAddress.app */ = {isa = PBXFileReference; explicitFileType = wrapper.application; includeInIndex = 0; path = SelectAddress.app; sourceTree = BUILT_PRODUCTS_DIR; };
		BE700EFD1F5CEB4300B62778 /* main.m */ = {isa = PBXFileReference; lastKnownFileType = sourcecode.c.objc; path = main.m; sourceTree = "<group>"; };
		BE700EFF1F5CEB4300B62778 /* AppDelegate.h */ = {isa = PBXFileReference; lastKnownFileType = sourcecode.c.h; path = AppDelegate.h; sourceTree = "<group>"; };
		BE700F001F5CEB4300B62778 /* AppDelegate.m */ = {isa = PBXFileReference; lastKnownFileType = sourcecode.c.objc; path = AppDelegate.m; sourceTree = "<group>"; };
		BE700F021F5CEB4300B62778 /* ViewController.h */ = {isa = PBXFileReference; lastKnownFileType = sourcecode.c.h; path = ViewController.h; sourceTree = "<group>"; };
		BE700F031F5CEB4300B62778 /* ViewController.m */ = {isa = PBXFileReference; lastKnownFileType = sourcecode.c.objc; path = ViewController.m; sourceTree = "<group>"; };
		BE700F061F5CEB4300B62778 /* Base */ = {isa = PBXFileReference; lastKnownFileType = file.storyboard; name = Base; path = Base.lproj/Main.storyboard; sourceTree = "<group>"; };
		BE700F081F5CEB4300B62778 /* Assets.xcassets */ = {isa = PBXFileReference; lastKnownFileType = folder.assetcatalog; path = Assets.xcassets; sourceTree = "<group>"; };
		BE700F0B1F5CEB4300B62778 /* Base */ = {isa = PBXFileReference; lastKnownFileType = file.storyboard; name = Base; path = Base.lproj/LaunchScreen.storyboard; sourceTree = "<group>"; };
		BE700F0D1F5CEB4300B62778 /* Info.plist */ = {isa = PBXFileReference; lastKnownFileType = text.plist.xml; path = Info.plist; sourceTree = "<group>"; };
		BE700F121F5CEB4300B62778 /* SelectAddressTests.xctest */ = {isa = PBXFileReference; explicitFileType = wrapper.cfbundle; includeInIndex = 0; path = SelectAddressTests.xctest; sourceTree = BUILT_PRODUCTS_DIR; };
		BE700F161F5CEB4300B62778 /* SelectAddressTests.m */ = {isa = PBXFileReference; lastKnownFileType = sourcecode.c.objc; path = SelectAddressTests.m; sourceTree = "<group>"; };
		BE700F181F5CEB4300B62778 /* Info.plist */ = {isa = PBXFileReference; lastKnownFileType = text.plist.xml; path = Info.plist; sourceTree = "<group>"; };
		BE700F1D1F5CEB4300B62778 /* SelectAddressUITests.xctest */ = {isa = PBXFileReference; explicitFileType = wrapper.cfbundle; includeInIndex = 0; path = SelectAddressUITests.xctest; sourceTree = BUILT_PRODUCTS_DIR; };
		BE700F211F5CEB4300B62778 /* SelectAddressUITests.m */ = {isa = PBXFileReference; lastKnownFileType = sourcecode.c.objc; path = SelectAddressUITests.m; sourceTree = "<group>"; };
		BE700F231F5CEB4300B62778 /* Info.plist */ = {isa = PBXFileReference; lastKnownFileType = text.plist.xml; path = Info.plist; sourceTree = "<group>"; };
		BE700F321F5CEBDB00B62778 /* SelectAddressController.h */ = {isa = PBXFileReference; fileEncoding = 4; lastKnownFileType = sourcecode.c.h; path = SelectAddressController.h; sourceTree = "<group>"; };
		BE700F331F5CEBDB00B62778 /* SelectAddressController.m */ = {isa = PBXFileReference; fileEncoding = 4; lastKnownFileType = sourcecode.c.objc; path = SelectAddressController.m; sourceTree = "<group>"; };
		BE77D1091F5CEF95007054AC /* SelectAddressView.h */ = {isa = PBXFileReference; fileEncoding = 4; lastKnownFileType = sourcecode.c.h; path = SelectAddressView.h; sourceTree = "<group>"; };
		BE77D10A1F5CEF95007054AC /* SelectAddressView.m */ = {isa = PBXFileReference; fileEncoding = 4; lastKnownFileType = sourcecode.c.objc; path = SelectAddressView.m; sourceTree = "<group>"; };
		BE77D10C1F5D06C8007054AC /* SelectAddress.pch */ = {isa = PBXFileReference; lastKnownFileType = sourcecode.c.h; path = SelectAddress.pch; sourceTree = "<group>"; };
		BE77D10D1F5D0FCF007054AC /* HttpRequest.h */ = {isa = PBXFileReference; fileEncoding = 4; lastKnownFileType = sourcecode.c.h; path = HttpRequest.h; sourceTree = "<group>"; };
		BE77D10E1F5D0FCF007054AC /* HttpRequest.m */ = {isa = PBXFileReference; fileEncoding = 4; lastKnownFileType = sourcecode.c.objc; path = HttpRequest.m; sourceTree = "<group>"; };
		BE77D1121F5D3F21007054AC /* areaSelect.plist */ = {isa = PBXFileReference; fileEncoding = 4; lastKnownFileType = text.plist.xml; path = areaSelect.plist; sourceTree = "<group>"; };
		BE77D1141F5D604E007054AC /* AreaTableViewCell.h */ = {isa = PBXFileReference; fileEncoding = 4; lastKnownFileType = sourcecode.c.h; path = AreaTableViewCell.h; sourceTree = "<group>"; };
		BE77D1151F5D604E007054AC /* AreaTableViewCell.m */ = {isa = PBXFileReference; fileEncoding = 4; lastKnownFileType = sourcecode.c.objc; path = AreaTableViewCell.m; sourceTree = "<group>"; };
		BE77D11A1F5D65C6007054AC /* MJDictionaryCache.h */ = {isa = PBXFileReference; fileEncoding = 4; lastKnownFileType = sourcecode.c.h; path = MJDictionaryCache.h; sourceTree = "<group>"; };
		BE77D11B1F5D65C6007054AC /* MJDictionaryCache.m */ = {isa = PBXFileReference; fileEncoding = 4; lastKnownFileType = sourcecode.c.objc; path = MJDictionaryCache.m; sourceTree = "<group>"; };
		BE77D11C1F5D65C6007054AC /* MJExtension.h */ = {isa = PBXFileReference; fileEncoding = 4; lastKnownFileType = sourcecode.c.h; path = MJExtension.h; sourceTree = "<group>"; };
		BE77D11D1F5D65C6007054AC /* MJExtensionConst.h */ = {isa = PBXFileReference; fileEncoding = 4; lastKnownFileType = sourcecode.c.h; path = MJExtensionConst.h; sourceTree = "<group>"; };
		BE77D11E1F5D65C6007054AC /* MJExtensionConst.m */ = {isa = PBXFileReference; fileEncoding = 4; lastKnownFileType = sourcecode.c.objc; path = MJExtensionConst.m; sourceTree = "<group>"; };
		BE77D11F1F5D65C6007054AC /* MJFoundation.h */ = {isa = PBXFileReference; fileEncoding = 4; lastKnownFileType = sourcecode.c.h; path = MJFoundation.h; sourceTree = "<group>"; };
		BE77D1201F5D65C6007054AC /* MJFoundation.m */ = {isa = PBXFileReference; fileEncoding = 4; lastKnownFileType = sourcecode.c.objc; path = MJFoundation.m; sourceTree = "<group>"; };
		BE77D1211F5D65C6007054AC /* MJProperty.h */ = {isa = PBXFileReference; fileEncoding = 4; lastKnownFileType = sourcecode.c.h; path = MJProperty.h; sourceTree = "<group>"; };
		BE77D1221F5D65C6007054AC /* MJProperty.m */ = {isa = PBXFileReference; fileEncoding = 4; lastKnownFileType = sourcecode.c.objc; path = MJProperty.m; sourceTree = "<group>"; };
		BE77D1231F5D65C6007054AC /* MJPropertyKey.h */ = {isa = PBXFileReference; fileEncoding = 4; lastKnownFileType = sourcecode.c.h; path = MJPropertyKey.h; sourceTree = "<group>"; };
		BE77D1241F5D65C6007054AC /* MJPropertyKey.m */ = {isa = PBXFileReference; fileEncoding = 4; lastKnownFileType = sourcecode.c.objc; path = MJPropertyKey.m; sourceTree = "<group>"; };
		BE77D1251F5D65C6007054AC /* MJPropertyType.h */ = {isa = PBXFileReference; fileEncoding = 4; lastKnownFileType = sourcecode.c.h; path = MJPropertyType.h; sourceTree = "<group>"; };
		BE77D1261F5D65C6007054AC /* MJPropertyType.m */ = {isa = PBXFileReference; fileEncoding = 4; lastKnownFileType = sourcecode.c.objc; path = MJPropertyType.m; sourceTree = "<group>"; };
		BE77D1271F5D65C6007054AC /* NSObject+MJClass.h */ = {isa = PBXFileReference; fileEncoding = 4; lastKnownFileType = sourcecode.c.h; path = "NSObject+MJClass.h"; sourceTree = "<group>"; };
		BE77D1281F5D65C6007054AC /* NSObject+MJClass.m */ = {isa = PBXFileReference; fileEncoding = 4; lastKnownFileType = sourcecode.c.objc; path = "NSObject+MJClass.m"; sourceTree = "<group>"; };
		BE77D1291F5D65C6007054AC /* NSObject+MJCoding.h */ = {isa = PBXFileReference; fileEncoding = 4; lastKnownFileType = sourcecode.c.h; path = "NSObject+MJCoding.h"; sourceTree = "<group>"; };
		BE77D12A1F5D65C6007054AC /* NSObject+MJCoding.m */ = {isa = PBXFileReference; fileEncoding = 4; lastKnownFileType = sourcecode.c.objc; path = "NSObject+MJCoding.m"; sourceTree = "<group>"; };
		BE77D12B1F5D65C6007054AC /* NSObject+MJKeyValue.h */ = {isa = PBXFileReference; fileEncoding = 4; lastKnownFileType = sourcecode.c.h; path = "NSObject+MJKeyValue.h"; sourceTree = "<group>"; };
		BE77D12C1F5D65C6007054AC /* NSObject+MJKeyValue.m */ = {isa = PBXFileReference; fileEncoding = 4; lastKnownFileType = sourcecode.c.objc; path = "NSObject+MJKeyValue.m"; sourceTree = "<group>"; };
		BE77D12D1F5D65C6007054AC /* NSObject+MJProperty.h */ = {isa = PBXFileReference; fileEncoding = 4; lastKnownFileType = sourcecode.c.h; path = "NSObject+MJProperty.h"; sourceTree = "<group>"; };
		BE77D12E1F5D65C6007054AC /* NSObject+MJProperty.m */ = {isa = PBXFileReference; fileEncoding = 4; lastKnownFileType = sourcecode.c.objc; path = "NSObject+MJProperty.m"; sourceTree = "<group>"; };
		BE77D12F1F5D65C6007054AC /* NSString+MJExtension.h */ = {isa = PBXFileReference; fileEncoding = 4; lastKnownFileType = sourcecode.c.h; path = "NSString+MJExtension.h"; sourceTree = "<group>"; };
		BE77D1301F5D65C6007054AC /* NSString+MJExtension.m */ = {isa = PBXFileReference; fileEncoding = 4; lastKnownFileType = sourcecode.c.objc; path = "NSString+MJExtension.m"; sourceTree = "<group>"; };
		BE77D13C1F5D6EE5007054AC /* AreaModel.h */ = {isa = PBXFileReference; fileEncoding = 4; lastKnownFileType = sourcecode.c.h; path = AreaModel.h; sourceTree = "<group>"; };
		BE77D13D1F5D6EE5007054AC /* AreaModel.m */ = {isa = PBXFileReference; fileEncoding = 4; lastKnownFileType = sourcecode.c.objc; path = AreaModel.m; sourceTree = "<group>"; };
/* End PBXFileReference section */

/* Begin PBXFrameworksBuildPhase section */
		BE700EF61F5CEB4300B62778 /* Frameworks */ = {
			isa = PBXFrameworksBuildPhase;
			buildActionMask = 2147483647;
			files = (
			);
			runOnlyForDeploymentPostprocessing = 0;
		};
		BE700F0F1F5CEB4300B62778 /* Frameworks */ = {
			isa = PBXFrameworksBuildPhase;
			buildActionMask = 2147483647;
			files = (
			);
			runOnlyForDeploymentPostprocessing = 0;
		};
		BE700F1A1F5CEB4300B62778 /* Frameworks */ = {
			isa = PBXFrameworksBuildPhase;
			buildActionMask = 2147483647;
			files = (
			);
			runOnlyForDeploymentPostprocessing = 0;
		};
/* End PBXFrameworksBuildPhase section */

/* Begin PBXGroup section */
		BE700EF01F5CEB4300B62778 = {
			isa = PBXGroup;
			children = (
				BE700EFB1F5CEB4300B62778 /* SelectAddress */,
				BE700F151F5CEB4300B62778 /* SelectAddressTests */,
				BE700F201F5CEB4300B62778 /* SelectAddressUITests */,
				BE700EFA1F5CEB4300B62778 /* Products */,
			);
			sourceTree = "<group>";
		};
		BE700EFA1F5CEB4300B62778 /* Products */ = {
			isa = PBXGroup;
			children = (
				BE700EF91F5CEB4300B62778 /* SelectAddress.app */,
				BE700F121F5CEB4300B62778 /* SelectAddressTests.xctest */,
				BE700F1D1F5CEB4300B62778 /* SelectAddressUITests.xctest */,
			);
			name = Products;
			sourceTree = "<group>";
		};
		BE700EFB1F5CEB4300B62778 /* SelectAddress */ = {
			isa = PBXGroup;
			children = (
				BE77D1191F5D65C6007054AC /* MJExtension */,
				BE700F2F1F5CEBAF00B62778 /* Controllers */,
				BE700F301F5CEBAF00B62778 /* Model */,
				BE700F311F5CEBAF00B62778 /* Views */,
				BE700EFF1F5CEB4300B62778 /* AppDelegate.h */,
				BE700F001F5CEB4300B62778 /* AppDelegate.m */,
				BE700F021F5CEB4300B62778 /* ViewController.h */,
				BE700F031F5CEB4300B62778 /* ViewController.m */,
				BE700F051F5CEB4300B62778 /* Main.storyboard */,
				BE700F081F5CEB4300B62778 /* Assets.xcassets */,
				BE700F0A1F5CEB4300B62778 /* LaunchScreen.storyboard */,
				BE700F0D1F5CEB4300B62778 /* Info.plist */,
				BE700EFC1F5CEB4300B62778 /* Supporting Files */,
			);
			path = SelectAddress;
			sourceTree = "<group>";
		};
		BE700EFC1F5CEB4300B62778 /* Supporting Files */ = {
			isa = PBXGroup;
			children = (
				BE77D1121F5D3F21007054AC /* areaSelect.plist */,
				BE700EFD1F5CEB4300B62778 /* main.m */,
				BE77D10C1F5D06C8007054AC /* SelectAddress.pch */,
			);
			name = "Supporting Files";
			sourceTree = "<group>";
		};
		BE700F151F5CEB4300B62778 /* SelectAddressTests */ = {
			isa = PBXGroup;
			children = (
				BE700F161F5CEB4300B62778 /* SelectAddressTests.m */,
				BE700F181F5CEB4300B62778 /* Info.plist */,
			);
			path = SelectAddressTests;
			sourceTree = "<group>";
		};
		BE700F201F5CEB4300B62778 /* SelectAddressUITests */ = {
			isa = PBXGroup;
			children = (
				BE700F211F5CEB4300B62778 /* SelectAddressUITests.m */,
				BE700F231F5CEB4300B62778 /* Info.plist */,
			);
			path = SelectAddressUITests;
			sourceTree = "<group>";
		};
		BE700F2F1F5CEBAF00B62778 /* Controllers */ = {
			isa = PBXGroup;
			children = (
				BE700F321F5CEBDB00B62778 /* SelectAddressController.h */,
				BE700F331F5CEBDB00B62778 /* SelectAddressController.m */,
			);
			path = Controllers;
			sourceTree = "<group>";
		};
		BE700F301F5CEBAF00B62778 /* Model */ = {
			isa = PBXGroup;
			children = (
				BE77D10D1F5D0FCF007054AC /* HttpRequest.h */,
				BE77D10E1F5D0FCF007054AC /* HttpRequest.m */,
				BE77D13C1F5D6EE5007054AC /* AreaModel.h */,
				BE77D13D1F5D6EE5007054AC /* AreaModel.m */,
			);
			path = Model;
			sourceTree = "<group>";
		};
		BE700F311F5CEBAF00B62778 /* Views */ = {
			isa = PBXGroup;
			children = (
				BE77D1091F5CEF95007054AC /* SelectAddressView.h */,
				BE77D10A1F5CEF95007054AC /* SelectAddressView.m */,
				BE77D1141F5D604E007054AC /* AreaTableViewCell.h */,
				BE77D1151F5D604E007054AC /* AreaTableViewCell.m */,
			);
			path = Views;
			sourceTree = "<group>";
		};
		BE77D1191F5D65C6007054AC /* MJExtension */ = {
			isa = PBXGroup;
			children = (
				BE77D11A1F5D65C6007054AC /* MJDictionaryCache.h */,
				BE77D11B1F5D65C6007054AC /* MJDictionaryCache.m */,
				BE77D11C1F5D65C6007054AC /* MJExtension.h */,
				BE77D11D1F5D65C6007054AC /* MJExtensionConst.h */,
				BE77D11E1F5D65C6007054AC /* MJExtensionConst.m */,
				BE77D11F1F5D65C6007054AC /* MJFoundation.h */,
				BE77D1201F5D65C6007054AC /* MJFoundation.m */,
				BE77D1211F5D65C6007054AC /* MJProperty.h */,
				BE77D1221F5D65C6007054AC /* MJProperty.m */,
				BE77D1231F5D65C6007054AC /* MJPropertyKey.h */,
				BE77D1241F5D65C6007054AC /* MJPropertyKey.m */,
				BE77D1251F5D65C6007054AC /* MJPropertyType.h */,
				BE77D1261F5D65C6007054AC /* MJPropertyType.m */,
				BE77D1271F5D65C6007054AC /* NSObject+MJClass.h */,
				BE77D1281F5D65C6007054AC /* NSObject+MJClass.m */,
				BE77D1291F5D65C6007054AC /* NSObject+MJCoding.h */,
				BE77D12A1F5D65C6007054AC /* NSObject+MJCoding.m */,
				BE77D12B1F5D65C6007054AC /* NSObject+MJKeyValue.h */,
				BE77D12C1F5D65C6007054AC /* NSObject+MJKeyValue.m */,
				BE77D12D1F5D65C6007054AC /* NSObject+MJProperty.h */,
				BE77D12E1F5D65C6007054AC /* NSObject+MJProperty.m */,
				BE77D12F1F5D65C6007054AC /* NSString+MJExtension.h */,
				BE77D1301F5D65C6007054AC /* NSString+MJExtension.m */,
			);
			path = MJExtension;
			sourceTree = "<group>";
		};
/* End PBXGroup section */

/* Begin PBXNativeTarget section */
		BE700EF81F5CEB4300B62778 /* SelectAddress */ = {
			isa = PBXNativeTarget;
			buildConfigurationList = BE700F261F5CEB4300B62778 /* Build configuration list for PBXNativeTarget "SelectAddress" */;
			buildPhases = (
				BE700EF51F5CEB4300B62778 /* Sources */,
				BE700EF61F5CEB4300B62778 /* Frameworks */,
				BE700EF71F5CEB4300B62778 /* Resources */,
			);
			buildRules = (
			);
			dependencies = (
			);
			name = SelectAddress;
			productName = SelectAddress;
			productReference = BE700EF91F5CEB4300B62778 /* SelectAddress.app */;
			productType = "com.apple.product-type.application";
		};
		BE700F111F5CEB4300B62778 /* SelectAddressTests */ = {
			isa = PBXNativeTarget;
			buildConfigurationList = BE700F291F5CEB4300B62778 /* Build configuration list for PBXNativeTarget "SelectAddressTests" */;
			buildPhases = (
				BE700F0E1F5CEB4300B62778 /* Sources */,
				BE700F0F1F5CEB4300B62778 /* Frameworks */,
				BE700F101F5CEB4300B62778 /* Resources */,
			);
			buildRules = (
			);
			dependencies = (
				BE700F141F5CEB4300B62778 /* PBXTargetDependency */,
			);
			name = SelectAddressTests;
			productName = SelectAddressTests;
			productReference = BE700F121F5CEB4300B62778 /* SelectAddressTests.xctest */;
			productType = "com.apple.product-type.bundle.unit-test";
		};
		BE700F1C1F5CEB4300B62778 /* SelectAddressUITests */ = {
			isa = PBXNativeTarget;
			buildConfigurationList = BE700F2C1F5CEB4300B62778 /* Build configuration list for PBXNativeTarget "SelectAddressUITests" */;
			buildPhases = (
				BE700F191F5CEB4300B62778 /* Sources */,
				BE700F1A1F5CEB4300B62778 /* Frameworks */,
				BE700F1B1F5CEB4300B62778 /* Resources */,
			);
			buildRules = (
			);
			dependencies = (
				BE700F1F1F5CEB4300B62778 /* PBXTargetDependency */,
			);
			name = SelectAddressUITests;
			productName = SelectAddressUITests;
			productReference = BE700F1D1F5CEB4300B62778 /* SelectAddressUITests.xctest */;
			productType = "com.apple.product-type.bundle.ui-testing";
		};
/* End PBXNativeTarget section */

/* Begin PBXProject section */
		BE700EF11F5CEB4300B62778 /* Project object */ = {
			isa = PBXProject;
			attributes = {
				LastUpgradeCheck = 0830;
				ORGANIZATIONNAME = Weixuetao;
				TargetAttributes = {
					BE700EF81F5CEB4300B62778 = {
						CreatedOnToolsVersion = 8.3.2;
						ProvisioningStyle = Automatic;
					};
					BE700F111F5CEB4300B62778 = {
						CreatedOnToolsVersion = 8.3.2;
						ProvisioningStyle = Automatic;
						TestTargetID = BE700EF81F5CEB4300B62778;
					};
					BE700F1C1F5CEB4300B62778 = {
						CreatedOnToolsVersion = 8.3.2;
						ProvisioningStyle = Automatic;
						TestTargetID = BE700EF81F5CEB4300B62778;
					};
				};
			};
			buildConfigurationList = BE700EF41F5CEB4300B62778 /* Build configuration list for PBXProject "SelectAddress" */;
			compatibilityVersion = "Xcode 3.2";
			developmentRegion = English;
			hasScannedForEncodings = 0;
			knownRegions = (
				en,
				Base,
			);
			mainGroup = BE700EF01F5CEB4300B62778;
			productRefGroup = BE700EFA1F5CEB4300B62778 /* Products */;
			projectDirPath = "";
			projectRoot = "";
			targets = (
				BE700EF81F5CEB4300B62778 /* SelectAddress */,
				BE700F111F5CEB4300B62778 /* SelectAddressTests */,
				BE700F1C1F5CEB4300B62778 /* SelectAddressUITests */,
			);
		};
/* End PBXProject section */

/* Begin PBXResourcesBuildPhase section */
		BE700EF71F5CEB4300B62778 /* Resources */ = {
			isa = PBXResourcesBuildPhase;
			buildActionMask = 2147483647;
			files = (
				BE700F0C1F5CEB4300B62778 /* LaunchScreen.storyboard in Resources */,
				BE700F091F5CEB4300B62778 /* Assets.xcassets in Resources */,
				BE700F071F5CEB4300B62778 /* Main.storyboard in Resources */,
				BE77D1131F5D3F21007054AC /* areaSelect.plist in Resources */,
			);
			runOnlyForDeploymentPostprocessing = 0;
		};
		BE700F101F5CEB4300B62778 /* Resources */ = {
			isa = PBXResourcesBuildPhase;
			buildActionMask = 2147483647;
			files = (
			);
			runOnlyForDeploymentPostprocessing = 0;
		};
		BE700F1B1F5CEB4300B62778 /* Resources */ = {
			isa = PBXResourcesBuildPhase;
			buildActionMask = 2147483647;
			files = (
			);
			runOnlyForDeploymentPostprocessing = 0;
		};
/* End PBXResourcesBuildPhase section */

/* Begin PBXSourcesBuildPhase section */
		BE700EF51F5CEB4300B62778 /* Sources */ = {
			isa = PBXSourcesBuildPhase;
			buildActionMask = 2147483647;
			files = (
				BE77D1391F5D65C6007054AC /* NSObject+MJKeyValue.m in Sources */,
				BE77D1361F5D65C6007054AC /* MJPropertyType.m in Sources */,
				BE77D1171F5D604E007054AC /* AreaTableViewCell.m in Sources */,
				BE77D1321F5D65C6007054AC /* MJExtensionConst.m in Sources */,
				BE700F041F5CEB4300B62778 /* ViewController.m in Sources */,
				BE77D1331F5D65C6007054AC /* MJFoundation.m in Sources */,
				BE77D1371F5D65C6007054AC /* NSObject+MJClass.m in Sources */,
				BE77D10F1F5D0FCF007054AC /* HttpRequest.m in Sources */,
				BE77D13B1F5D65C6007054AC /* NSString+MJExtension.m in Sources */,
				BE700F011F5CEB4300B62778 /* AppDelegate.m in Sources */,
				BE700F341F5CEBDB00B62778 /* SelectAddressController.m in Sources */,
				BE77D1351F5D65C6007054AC /* MJPropertyKey.m in Sources */,
				BE77D13E1F5D6EE5007054AC /* AreaModel.m in Sources */,
				BE77D10B1F5CEF95007054AC /* SelectAddressView.m in Sources */,
				BE700EFE1F5CEB4300B62778 /* main.m in Sources */,
				BE77D13A1F5D65C6007054AC /* NSObject+MJProperty.m in Sources */,
				BE77D1311F5D65C6007054AC /* MJDictionaryCache.m in Sources */,
				BE77D1341F5D65C6007054AC /* MJProperty.m in Sources */,
				BE77D1381F5D65C6007054AC /* NSObject+MJCoding.m in Sources */,
			);
			runOnlyForDeploymentPostprocessing = 0;
		};
		BE700F0E1F5CEB4300B62778 /* Sources */ = {
			isa = PBXSourcesBuildPhase;
			buildActionMask = 2147483647;
			files = (
				BE700F171F5CEB4300B62778 /* SelectAddressTests.m in Sources */,
			);
			runOnlyForDeploymentPostprocessing = 0;
		};
		BE700F191F5CEB4300B62778 /* Sources */ = {
			isa = PBXSourcesBuildPhase;
			buildActionMask = 2147483647;
			files = (
				BE700F221F5CEB4300B62778 /* SelectAddressUITests.m in Sources */,
			);
			runOnlyForDeploymentPostprocessing = 0;
		};
/* End PBXSourcesBuildPhase section */

/* Begin PBXTargetDependency section */
		BE700F141F5CEB4300B62778 /* PBXTargetDependency */ = {
			isa = PBXTargetDependency;
			target = BE700EF81F5CEB4300B62778 /* SelectAddress */;
			targetProxy = BE700F131F5CEB4300B62778 /* PBXContainerItemProxy */;
		};
		BE700F1F1F5CEB4300B62778 /* PBXTargetDependency */ = {
			isa = PBXTargetDependency;
			target = BE700EF81F5CEB4300B62778 /* SelectAddress */;
			targetProxy = BE700F1E1F5CEB4300B62778 /* PBXContainerItemProxy */;
		};
/* End PBXTargetDependency section */

/* Begin PBXVariantGroup section */
		BE700F051F5CEB4300B62778 /* Main.storyboard */ = {
			isa = PBXVariantGroup;
			children = (
				BE700F061F5CEB4300B62778 /* Base */,
			);
			name = Main.storyboard;
			sourceTree = "<group>";
		};
		BE700F0A1F5CEB4300B62778 /* LaunchScreen.storyboard */ = {
			isa = PBXVariantGroup;
			children = (
				BE700F0B1F5CEB4300B62778 /* Base */,
			);
			name = LaunchScreen.storyboard;
			sourceTree = "<group>";
		};
/* End PBXVariantGroup section */

/* Begin XCBuildConfiguration section */
		BE700F241F5CEB4300B62778 /* Debug */ = {
			isa = XCBuildConfiguration;
			buildSettings = {
				ALWAYS_SEARCH_USER_PATHS = NO;
				CLANG_ANALYZER_NONNULL = YES;
				CLANG_ANALYZER_NUMBER_OBJECT_CONVERSION = YES_AGGRESSIVE;
				CLANG_CXX_LANGUAGE_STANDARD = "gnu++0x";
				CLANG_CXX_LIBRARY = "libc++";
				CLANG_ENABLE_MODULES = YES;
				CLANG_ENABLE_OBJC_ARC = YES;
				CLANG_WARN_BOOL_CONVERSION = YES;
				CLANG_WARN_CONSTANT_CONVERSION = YES;
				CLANG_WARN_DIRECT_OBJC_ISA_USAGE = YES_ERROR;
				CLANG_WARN_DOCUMENTATION_COMMENTS = YES;
				CLANG_WARN_EMPTY_BODY = YES;
				CLANG_WARN_ENUM_CONVERSION = YES;
				CLANG_WARN_INFINITE_RECURSION = YES;
				CLANG_WARN_INT_CONVERSION = YES;
				CLANG_WARN_OBJC_ROOT_CLASS = YES_ERROR;
				CLANG_WARN_SUSPICIOUS_MOVE = YES;
				CLANG_WARN_UNREACHABLE_CODE = YES;
				CLANG_WARN__DUPLICATE_METHOD_MATCH = YES;
				"CODE_SIGN_IDENTITY[sdk=iphoneos*]" = "iPhone Developer";
				COPY_PHASE_STRIP = NO;
				DEBUG_INFORMATION_FORMAT = dwarf;
				ENABLE_STRICT_OBJC_MSGSEND = YES;
				ENABLE_TESTABILITY = YES;
				GCC_C_LANGUAGE_STANDARD = gnu99;
				GCC_DYNAMIC_NO_PIC = NO;
				GCC_NO_COMMON_BLOCKS = YES;
				GCC_OPTIMIZATION_LEVEL = 0;
				GCC_PREPROCESSOR_DEFINITIONS = (
					"DEBUG=1",
					"$(inherited)",
				);
				GCC_WARN_64_TO_32_BIT_CONVERSION = YES;
				GCC_WARN_ABOUT_RETURN_TYPE = YES_ERROR;
				GCC_WARN_UNDECLARED_SELECTOR = YES;
				GCC_WARN_UNINITIALIZED_AUTOS = YES_AGGRESSIVE;
				GCC_WARN_UNUSED_FUNCTION = YES;
				GCC_WARN_UNUSED_VARIABLE = YES;
				IPHONEOS_DEPLOYMENT_TARGET = 10.3;
				MTL_ENABLE_DEBUG_INFO = YES;
				ONLY_ACTIVE_ARCH = YES;
				SDKROOT = iphoneos;
				TARGETED_DEVICE_FAMILY = "1,2";
			};
			name = Debug;
		};
		BE700F251F5CEB4300B62778 /* Release */ = {
			isa = XCBuildConfiguration;
			buildSettings = {
				ALWAYS_SEARCH_USER_PATHS = NO;
				CLANG_ANALYZER_NONNULL = YES;
				CLANG_ANALYZER_NUMBER_OBJECT_CONVERSION = YES_AGGRESSIVE;
				CLANG_CXX_LANGUAGE_STANDARD = "gnu++0x";
				CLANG_CXX_LIBRARY = "libc++";
				CLANG_ENABLE_MODULES = YES;
				CLANG_ENABLE_OBJC_ARC = YES;
				CLANG_WARN_BOOL_CONVERSION = YES;
				CLANG_WARN_CONSTANT_CONVERSION = YES;
				CLANG_WARN_DIRECT_OBJC_ISA_USAGE = YES_ERROR;
				CLANG_WARN_DOCUMENTATION_COMMENTS = YES;
				CLANG_WARN_EMPTY_BODY = YES;
				CLANG_WARN_ENUM_CONVERSION = YES;
				CLANG_WARN_INFINITE_RECURSION = YES;
				CLANG_WARN_INT_CONVERSION = YES;
				CLANG_WARN_OBJC_ROOT_CLASS = YES_ERROR;
				CLANG_WARN_SUSPICIOUS_MOVE = YES;
				CLANG_WARN_UNREACHABLE_CODE = YES;
				CLANG_WARN__DUPLICATE_METHOD_MATCH = YES;
				"CODE_SIGN_IDENTITY[sdk=iphoneos*]" = "iPhone Developer";
				COPY_PHASE_STRIP = NO;
				DEBUG_INFORMATION_FORMAT = "dwarf-with-dsym";
				ENABLE_NS_ASSERTIONS = NO;
				ENABLE_STRICT_OBJC_MSGSEND = YES;
				GCC_C_LANGUAGE_STANDARD = gnu99;
				GCC_NO_COMMON_BLOCKS = YES;
				GCC_WARN_64_TO_32_BIT_CONVERSION = YES;
				GCC_WARN_ABOUT_RETURN_TYPE = YES_ERROR;
				GCC_WARN_UNDECLARED_SELECTOR = YES;
				GCC_WARN_UNINITIALIZED_AUTOS = YES_AGGRESSIVE;
				GCC_WARN_UNUSED_FUNCTION = YES;
				GCC_WARN_UNUSED_VARIABLE = YES;
				IPHONEOS_DEPLOYMENT_TARGET = 10.3;
				MTL_ENABLE_DEBUG_INFO = NO;
				SDKROOT = iphoneos;
				TARGETED_DEVICE_FAMILY = "1,2";
				VALIDATE_PRODUCT = YES;
			};
			name = Release;
		};
		BE700F271F5CEB4300B62778 /* Debug */ = {
			isa = XCBuildConfiguration;
			buildSettings = {
				ASSETCATALOG_COMPILER_APPICON_NAME = AppIcon;
				GCC_PREFIX_HEADER = "$(SRCROOT)/SelectAddress/SelectAddress.pch";
				INFOPLIST_FILE = SelectAddress/Info.plist;
				LD_RUNPATH_SEARCH_PATHS = "$(inherited) @executable_path/Frameworks";
				PRODUCT_BUNDLE_IDENTIFIER = com.weixuetao.SelectAddress;
				PRODUCT_NAME = "$(TARGET_NAME)";
			};
			name = Debug;
		};
		BE700F281F5CEB4300B62778 /* Release */ = {
			isa = XCBuildConfiguration;
			buildSettings = {
				ASSETCATALOG_COMPILER_APPICON_NAME = AppIcon;
				GCC_PREFIX_HEADER = "$(SRCROOT)/SelectAddress/SelectAddress.pch";
				INFOPLIST_FILE = SelectAddress/Info.plist;
				LD_RUNPATH_SEARCH_PATHS = "$(inherited) @executable_path/Frameworks";
				PRODUCT_BUNDLE_IDENTIFIER = com.weixuetao.SelectAddress;
				PRODUCT_NAME = "$(TARGET_NAME)";
			};
			name = Release;
		};
		BE700F2A1F5CEB4300B62778 /* Debug */ = {
			isa = XCBuildConfiguration;
			buildSettings = {
				BUNDLE_LOADER = "$(TEST_HOST)";
				INFOPLIST_FILE = SelectAddressTests/Info.plist;
				LD_RUNPATH_SEARCH_PATHS = "$(inherited) @executable_path/Frameworks @loader_path/Frameworks";
				PRODUCT_BUNDLE_IDENTIFIER = com.weixuetao.SelectAddressTests;
				PRODUCT_NAME = "$(TARGET_NAME)";
				TEST_HOST = "$(BUILT_PRODUCTS_DIR)/SelectAddress.app/SelectAddress";
			};
			name = Debug;
		};
		BE700F2B1F5CEB4300B62778 /* Release */ = {
			isa = XCBuildConfiguration;
			buildSettings = {
				BUNDLE_LOADER = "$(TEST_HOST)";
				INFOPLIST_FILE = SelectAddressTests/Info.plist;
				LD_RUNPATH_SEARCH_PATHS = "$(inherited) @executable_path/Frameworks @loader_path/Frameworks";
				PRODUCT_BUNDLE_IDENTIFIER = com.weixuetao.SelectAddressTests;
				PRODUCT_NAME = "$(TARGET_NAME)";
				TEST_HOST = "$(BUILT_PRODUCTS_DIR)/SelectAddress.app/SelectAddress";
			};
			name = Release;
		};
		BE700F2D1F5CEB4300B62778 /* Debug */ = {
			isa = XCBuildConfiguration;
			buildSettings = {
				INFOPLIST_FILE = SelectAddressUITests/Info.plist;
				LD_RUNPATH_SEARCH_PATHS = "$(inherited) @executable_path/Frameworks @loader_path/Frameworks";
				PRODUCT_BUNDLE_IDENTIFIER = com.weixuetao.SelectAddressUITests;
				PRODUCT_NAME = "$(TARGET_NAME)";
				TEST_TARGET_NAME = SelectAddress;
			};
			name = Debug;
		};
		BE700F2E1F5CEB4300B62778 /* Release */ = {
			isa = XCBuildConfiguration;
			buildSettings = {
				INFOPLIST_FILE = SelectAddressUITests/Info.plist;
				LD_RUNPATH_SEARCH_PATHS = "$(inherited) @executable_path/Frameworks @loader_path/Frameworks";
				PRODUCT_BUNDLE_IDENTIFIER = com.weixuetao.SelectAddressUITests;
				PRODUCT_NAME = "$(TARGET_NAME)";
				TEST_TARGET_NAME = SelectAddress;
			};
			name = Release;
		};
/* End XCBuildConfiguration section */

/* Begin XCConfigurationList section */
		BE700EF41F5CEB4300B62778 /* Build configuration list for PBXProject "SelectAddress" */ = {
			isa = XCConfigurationList;
			buildConfigurations = (
				BE700F241F5CEB4300B62778 /* Debug */,
				BE700F251F5CEB4300B62778 /* Release */,
			);
			defaultConfigurationIsVisible = 0;
			defaultConfigurationName = Release;
		};
		BE700F261F5CEB4300B62778 /* Build configuration list for PBXNativeTarget "SelectAddress" */ = {
			isa = XCConfigurationList;
			buildConfigurations = (
				BE700F271F5CEB4300B62778 /* Debug */,
				BE700F281F5CEB4300B62778 /* Release */,
			);
			defaultConfigurationIsVisible = 0;
			defaultConfigurationName = Release;
		};
		BE700F291F5CEB4300B62778 /* Build configuration list for PBXNativeTarget "SelectAddressTests" */ = {
			isa = XCConfigurationList;
			buildConfigurations = (
				BE700F2A1F5CEB4300B62778 /* Debug */,
				BE700F2B1F5CEB4300B62778 /* Release */,
			);
			defaultConfigurationIsVisible = 0;
			defaultConfigurationName = Release;
		};
		BE700F2C1F5CEB4300B62778 /* Build configuration list for PBXNativeTarget "SelectAddressUITests" */ = {
			isa = XCConfigurationList;
			buildConfigurations = (
				BE700F2D1F5CEB4300B62778 /* Debug */,
				BE700F2E1F5CEB4300B62778 /* Release */,
			);
			defaultConfigurationIsVisible = 0;
			defaultConfigurationName = Release;
		};
/* End XCConfigurationList section */
	};
	rootObject = BE700EF11F5CEB4300B62778 /* Project object */;
}
